
Microsoft Visual Studio Solution File, Format Version 11.00
# Visual C# Express 2010
Project("{FAE04EC0-301F-11D3-BF4B-00C04F79EFBC}") = "studycase 5", "studycase 5\studycase 5.csproj", "{154D31ED-804A-4F32-8FB2-35D772BAA0DA}"
EndProject
Global
	GlobalSection(SolutionConfigurationPlatforms) = preSolution
		Debug|x86 = Debug|x86
		Release|x86 = Release|x86
	EndGlobalSection
	GlobalSection(ProjectConfigurationPlatforms) = postSolution
		{154D31ED-804A-4F32-8FB2-35D772BAA0DA}.Debug|x86.ActiveCfg = Debug|x86
		{154D31ED-804A-4F32-8FB2-35D772BAA0DA}.Debug|x86.Build.0 = Debug|x86
		{154D31ED-804A-4F32-8FB2-35D772BAA0DA}.Release|x86.ActiveCfg = Release|x86
		{154D31ED-804A-4F32-8FB2-35D772BAA0DA}.Release|x86.Build.0 = Release|x86
	EndGlobalSection
	GlobalSection(SolutionProperties) = preSolution
		HideSolutionNode = FALSE
	EndGlobalSection
EndGlobal
