
Microsoft Visual Studio Solution File, Format Version 11.00
# Visual C# Express 2010
Project("{FAE04EC0-301F-11D3-BF4B-00C04F79EFBC}") = "studycase 39", "studycase 39\studycase 39.csproj", "{64CF0BD2-5078-4109-9CDC-84314665C83D}"
EndProject
Global
	GlobalSection(SolutionConfigurationPlatforms) = preSolution
		Debug|x86 = Debug|x86
		Release|x86 = Release|x86
	EndGlobalSection
	GlobalSection(ProjectConfigurationPlatforms) = postSolution
		{64CF0BD2-5078-4109-9CDC-84314665C83D}.Debug|x86.ActiveCfg = Debug|x86
		{64CF0BD2-5078-4109-9CDC-84314665C83D}.Debug|x86.Build.0 = Debug|x86
		{64CF0BD2-5078-4109-9CDC-84314665C83D}.Release|x86.ActiveCfg = Release|x86
		{64CF0BD2-5078-4109-9CDC-84314665C83D}.Release|x86.Build.0 = Release|x86
	EndGlobalSection
	GlobalSection(SolutionProperties) = preSolution
		HideSolutionNode = FALSE
	EndGlobalSection
EndGlobal
